
Microsoft Visual Studio Solution File, Format Version 12.00
# Visual Studio Version 16
VisualStudioVersion = 16.0.30804.86
MinimumVisualStudioVersion = 10.0.40219.1
Project("{FAE04EC0-301F-11D3-BF4B-00C04F79EFBC}") = "01SumSeconds", "01SumSeconds\01SumSeconds.csproj", "{43DC2A13-2851-40FC-A55A-5B9FAD83F8AA}"
EndProject
Project("{FAE04EC0-301F-11D3-BF4B-00C04F79EFBC}") = "02BonusScore", "02BonusScore\02BonusScore.csproj", "{3339448C-9A0F-4591-8715-E4233FF11EC3}"
EndProject
Project("{FAE04EC0-301F-11D3-BF4B-00C04F79EFBC}") = "03SpeedInfo", "03SpeedInfo\03SpeedInfo.csproj", "{D0F1D887-D270-4D3A-BCCF-27F8B00D42D7}"
EndProject
Project("{FAE04EC0-301F-11D3-BF4B-00C04F79EFBC}") = "04MetricConverter", "04MetricConverter\04MetricConverter.csproj", "{24C51FE0-B39E-4BA1-ACD1-3F234C02EDC2}"
EndProject
Project("{FAE04EC0-301F-11D3-BF4B-00C04F79EFBC}") = "05Time+15 Minutes", "05Time+15 Minutes\05Time+15 Minutes.csproj", "{B7CC7743-8E4A-49FD-BC52-BC9CF37D6AF6}"
EndProject
Project("{FAE04EC0-301F-11D3-BF4B-00C04F79EFBC}") = "06GodzillaVsKong", "06GodzillaVsKong\06GodzillaVsKong.csproj", "{9DD2E297-8EE5-486B-A784-9E6468EEAF9E}"
EndProject
Project("{FAE04EC0-301F-11D3-BF4B-00C04F79EFBC}") = "07WorldSwimmingRecord", "07WorldSwimmingRecord\07WorldSwimmingRecord.csproj", "{8016B5E0-6F01-44E9-80E8-779939D6D2D5}"
EndProject
Project("{FAE04EC0-301F-11D3-BF4B-00C04F79EFBC}") = "08Scholarship", "08Scholarship\08Scholarship.csproj", "{6A9C319F-5BCB-40F1-BB35-770301F11BD1}"
EndProject
Global
	GlobalSection(SolutionConfigurationPlatforms) = preSolution
		Debug|Any CPU = Debug|Any CPU
		Release|Any CPU = Release|Any CPU
	EndGlobalSection
	GlobalSection(ProjectConfigurationPlatforms) = postSolution
		{43DC2A13-2851-40FC-A55A-5B9FAD83F8AA}.Debug|Any CPU.ActiveCfg = Debug|Any CPU
		{43DC2A13-2851-40FC-A55A-5B9FAD83F8AA}.Debug|Any CPU.Build.0 = Debug|Any CPU
		{43DC2A13-2851-40FC-A55A-5B9FAD83F8AA}.Release|Any CPU.ActiveCfg = Release|Any CPU
		{43DC2A13-2851-40FC-A55A-5B9FAD83F8AA}.Release|Any CPU.Build.0 = Release|Any CPU
		{3339448C-9A0F-4591-8715-E4233FF11EC3}.Debug|Any CPU.ActiveCfg = Debug|Any CPU
		{3339448C-9A0F-4591-8715-E4233FF11EC3}.Debug|Any CPU.Build.0 = Debug|Any CPU
		{3339448C-9A0F-4591-8715-E4233FF11EC3}.Release|Any CPU.ActiveCfg = Release|Any CPU
		{3339448C-9A0F-4591-8715-E4233FF11EC3}.Release|Any CPU.Build.0 = Release|Any CPU
		{D0F1D887-D270-4D3A-BCCF-27F8B00D42D7}.Debug|Any CPU.ActiveCfg = Debug|Any CPU
		{D0F1D887-D270-4D3A-BCCF-27F8B00D42D7}.Debug|Any CPU.Build.0 = Debug|Any CPU
		{D0F1D887-D270-4D3A-BCCF-27F8B00D42D7}.Release|Any CPU.ActiveCfg = Release|Any CPU
		{D0F1D887-D270-4D3A-BCCF-27F8B00D42D7}.Release|Any CPU.Build.0 = Release|Any CPU
		{24C51FE0-B39E-4BA1-ACD1-3F234C02EDC2}.Debug|Any CPU.ActiveCfg = Debug|Any CPU
		{24C51FE0-B39E-4BA1-ACD1-3F234C02EDC2}.Debug|Any CPU.Build.0 = Debug|Any CPU
		{24C51FE0-B39E-4BA1-ACD1-3F234C02EDC2}.Release|Any CPU.ActiveCfg = Release|Any CPU
		{24C51FE0-B39E-4BA1-ACD1-3F234C02EDC2}.Release|Any CPU.Build.0 = Release|Any CPU
		{B7CC7743-8E4A-49FD-BC52-BC9CF37D6AF6}.Debug|Any CPU.ActiveCfg = Debug|Any CPU
		{B7CC7743-8E4A-49FD-BC52-BC9CF37D6AF6}.Debug|Any CPU.Build.0 = Debug|Any CPU
		{B7CC7743-8E4A-49FD-BC52-BC9CF37D6AF6}.Release|Any CPU.ActiveCfg = Release|Any CPU
		{B7CC7743-8E4A-49FD-BC52-BC9CF37D6AF6}.Release|Any CPU.Build.0 = Release|Any CPU
		{9DD2E297-8EE5-486B-A784-9E6468EEAF9E}.Debug|Any CPU.ActiveCfg = Debug|Any CPU
		{9DD2E297-8EE5-486B-A784-9E6468EEAF9E}.Debug|Any CPU.Build.0 = Debug|Any CPU
		{9DD2E297-8EE5-486B-A784-9E6468EEAF9E}.Release|Any CPU.ActiveCfg = Release|Any CPU
		{9DD2E297-8EE5-486B-A784-9E6468EEAF9E}.Release|Any CPU.Build.0 = Release|Any CPU
		{8016B5E0-6F01-44E9-80E8-779939D6D2D5}.Debug|Any CPU.ActiveCfg = Debug|Any CPU
		{8016B5E0-6F01-44E9-80E8-779939D6D2D5}.Debug|Any CPU.Build.0 = Debug|Any CPU
		{8016B5E0-6F01-44E9-80E8-779939D6D2D5}.Release|Any CPU.ActiveCfg = Release|Any CPU
		{8016B5E0-6F01-44E9-80E8-779939D6D2D5}.Release|Any CPU.Build.0 = Release|Any CPU
		{6A9C319F-5BCB-40F1-BB35-770301F11BD1}.Debug|Any CPU.ActiveCfg = Debug|Any CPU
		{6A9C319F-5BCB-40F1-BB35-770301F11BD1}.Debug|Any CPU.Build.0 = Debug|Any CPU
		{6A9C319F-5BCB-40F1-BB35-770301F11BD1}.Release|Any CPU.ActiveCfg = Release|Any CPU
		{6A9C319F-5BCB-40F1-BB35-770301F11BD1}.Release|Any CPU.Build.0 = Release|Any CPU
	EndGlobalSection
	GlobalSection(SolutionProperties) = preSolution
		HideSolutionNode = FALSE
	EndGlobalSection
	GlobalSection(ExtensibilityGlobals) = postSolution
		SolutionGuid = {E13D2F4E-6566-49FC-8E71-5309F5BFAB6B}
	EndGlobalSection
EndGlobal
