
Microsoft Visual Studio Solution File, Format Version 12.00
# Visual Studio Version 16
VisualStudioVersion = 16.0.30804.86
MinimumVisualStudioVersion = 10.0.40219.1
Project("{FAE04EC0-301F-11D3-BF4B-00C04F79EFBC}") = "01Clock", "01Clock\01Clock.csproj", "{59268425-1F7B-43EB-8709-0D3B7A0443F1}"
EndProject
Project("{FAE04EC0-301F-11D3-BF4B-00C04F79EFBC}") = "02MultiplicationTable", "02MultiplicationTable\02MultiplicationTable.csproj", "{1114D69C-6C80-4712-B67F-B84DC02DAD13}"
EndProject
Project("{FAE04EC0-301F-11D3-BF4B-00C04F79EFBC}") = "03Combinations", "03Combinations\03Combinations.csproj", "{62074F98-7328-4F02-9CB0-5FFB1E111C93}"
EndProject
Project("{FAE04EC0-301F-11D3-BF4B-00C04F79EFBC}") = "04SumOfTwoNumbers", "04SumOfTwoNumbers\04SumOfTwoNumbers.csproj", "{70545700-5E3E-4628-9D53-CB48D1B6DFCD}"
EndProject
Project("{FAE04EC0-301F-11D3-BF4B-00C04F79EFBC}") = "05Travelling", "05Travelling\05Travelling.csproj", "{A1863639-49F6-4CC1-A46B-5E9885A480FC}"
EndProject
Project("{FAE04EC0-301F-11D3-BF4B-00C04F79EFBC}") = "06Building", "06Building\06Building.csproj", "{99DDDF7D-56F4-4417-AD04-2109C545B316}"
EndProject
Project("{FAE04EC0-301F-11D3-BF4B-00C04F79EFBC}") = "07CinemaTickets", "07CinemaTickets\07CinemaTickets.csproj", "{60C410F1-3518-481D-ABEB-F4DB56F041F7}"
EndProject
Global
	GlobalSection(SolutionConfigurationPlatforms) = preSolution
		Debug|Any CPU = Debug|Any CPU
		Release|Any CPU = Release|Any CPU
	EndGlobalSection
	GlobalSection(ProjectConfigurationPlatforms) = postSolution
		{59268425-1F7B-43EB-8709-0D3B7A0443F1}.Debug|Any CPU.ActiveCfg = Debug|Any CPU
		{59268425-1F7B-43EB-8709-0D3B7A0443F1}.Debug|Any CPU.Build.0 = Debug|Any CPU
		{59268425-1F7B-43EB-8709-0D3B7A0443F1}.Release|Any CPU.ActiveCfg = Release|Any CPU
		{59268425-1F7B-43EB-8709-0D3B7A0443F1}.Release|Any CPU.Build.0 = Release|Any CPU
		{1114D69C-6C80-4712-B67F-B84DC02DAD13}.Debug|Any CPU.ActiveCfg = Debug|Any CPU
		{1114D69C-6C80-4712-B67F-B84DC02DAD13}.Debug|Any CPU.Build.0 = Debug|Any CPU
		{1114D69C-6C80-4712-B67F-B84DC02DAD13}.Release|Any CPU.ActiveCfg = Release|Any CPU
		{1114D69C-6C80-4712-B67F-B84DC02DAD13}.Release|Any CPU.Build.0 = Release|Any CPU
		{62074F98-7328-4F02-9CB0-5FFB1E111C93}.Debug|Any CPU.ActiveCfg = Debug|Any CPU
		{62074F98-7328-4F02-9CB0-5FFB1E111C93}.Debug|Any CPU.Build.0 = Debug|Any CPU
		{62074F98-7328-4F02-9CB0-5FFB1E111C93}.Release|Any CPU.ActiveCfg = Release|Any CPU
		{62074F98-7328-4F02-9CB0-5FFB1E111C93}.Release|Any CPU.Build.0 = Release|Any CPU
		{70545700-5E3E-4628-9D53-CB48D1B6DFCD}.Debug|Any CPU.ActiveCfg = Debug|Any CPU
		{70545700-5E3E-4628-9D53-CB48D1B6DFCD}.Debug|Any CPU.Build.0 = Debug|Any CPU
		{70545700-5E3E-4628-9D53-CB48D1B6DFCD}.Release|Any CPU.ActiveCfg = Release|Any CPU
		{70545700-5E3E-4628-9D53-CB48D1B6DFCD}.Release|Any CPU.Build.0 = Release|Any CPU
		{A1863639-49F6-4CC1-A46B-5E9885A480FC}.Debug|Any CPU.ActiveCfg = Debug|Any CPU
		{A1863639-49F6-4CC1-A46B-5E9885A480FC}.Debug|Any CPU.Build.0 = Debug|Any CPU
		{A1863639-49F6-4CC1-A46B-5E9885A480FC}.Release|Any CPU.ActiveCfg = Release|Any CPU
		{A1863639-49F6-4CC1-A46B-5E9885A480FC}.Release|Any CPU.Build.0 = Release|Any CPU
		{99DDDF7D-56F4-4417-AD04-2109C545B316}.Debug|Any CPU.ActiveCfg = Debug|Any CPU
		{99DDDF7D-56F4-4417-AD04-2109C545B316}.Debug|Any CPU.Build.0 = Debug|Any CPU
		{99DDDF7D-56F4-4417-AD04-2109C545B316}.Release|Any CPU.ActiveCfg = Release|Any CPU
		{99DDDF7D-56F4-4417-AD04-2109C545B316}.Release|Any CPU.Build.0 = Release|Any CPU
		{60C410F1-3518-481D-ABEB-F4DB56F041F7}.Debug|Any CPU.ActiveCfg = Debug|Any CPU
		{60C410F1-3518-481D-ABEB-F4DB56F041F7}.Debug|Any CPU.Build.0 = Debug|Any CPU
		{60C410F1-3518-481D-ABEB-F4DB56F041F7}.Release|Any CPU.ActiveCfg = Release|Any CPU
		{60C410F1-3518-481D-ABEB-F4DB56F041F7}.Release|Any CPU.Build.0 = Release|Any CPU
	EndGlobalSection
	GlobalSection(SolutionProperties) = preSolution
		HideSolutionNode = FALSE
	EndGlobalSection
	GlobalSection(ExtensibilityGlobals) = postSolution
		SolutionGuid = {3839ECA6-7885-4808-AC4E-7403C2170297}
	EndGlobalSection
EndGlobal
